{
  "name": "Kawak-2.0",
  "lockfileVersion": 2,
  "requires": true,
  "packages": {
    "": {
      "dependencies": {
        "react-dark-mode-toggle-2": "^2.0.8"
      }
    },
    "node_modules/fast-deep-equal": {
      "version": "3.1.3",
      "resolved": "https://registry.npmjs.org/fast-deep-equal/-/fast-deep-equal-3.1.3.tgz",
      "integrity": "sha512-f3qQ9oQy9j2AhBe/H9VC91wLmKBCCU/gDOnKNAYG5hswO7BLKj09Hc5HYNz9cGI++xlpDCIgDaitVs03ATR84Q=="
    },
    "node_modules/lottie-web": {
      "version": "5.11.0",
      "resolved": "https://registry.npmjs.org/lottie-web/-/lottie-web-5.11.0.tgz",
      "integrity": "sha512-9vSt0AtdOH98GKDXwD5LPfFg9Pcmxt5+1BllAbudKM5iqPxpJnJUfuGaP45OyudDrESCOBgsjnntVUTygBNlzw=="
    },
    "node_modules/react-dark-mode-toggle-2": {
      "version": "2.0.8",
      "resolved": "https://registry.npmjs.org/react-dark-mode-toggle-2/-/react-dark-mode-toggle-2-2.0.8.tgz",
      "integrity": "sha512-YUkXEyekgcvNJ4PigLLX/NezCwPkSLw8Lv0IKxXpY3DzZA7wj4kMPAUUc6NsjsboFBFzU0SUycHUg2kUK0BiNA==",
      "dependencies": {
        "react-lottie-player": "^1.4.3"
      },
      "peerDependencies": {
        "react": "^16.14.0 || ^17.0.0 || ^18.0.0",
        "react-dom": "^16.14.0 || ^17.0.0 || ^18.0.0"
      }
    },
    "node_modules/react-lottie-player": {
      "version": "1.5.4",
      "resolved": "https://registry.npmjs.org/react-lottie-player/-/react-lottie-player-1.5.4.tgz",
      "integrity": "sha512-eM0g11bAc4EJJuDDfCoNloaAYphfXlIpYnriOt4nRU66PpVmvKhajvP2aif4YflGY2ArAFXhWxs418YzdebK9w==",
      "dependencies": {
        "fast-deep-equal": "^3.1.3",
        "lottie-web": "^5.7.6",
        "rfdc": "^1.3.0"
      },
      "engines": {
        "node": ">=10"
      },
      "peerDependencies": {
        "react": "^16.0.0 || ^17.0.0 || ^18.0.0"
      }
    },
    "node_modules/rfdc": {
      "version": "1.3.0",
      "resolved": "https://registry.npmjs.org/rfdc/-/rfdc-1.3.0.tgz",
      "integrity": "sha512-V2hovdzFbOi77/WajaSMXk2OLm+xNIeQdMMuB7icj7bk6zi2F8GGAxigcnDFpJHbNyNcgyJDiP+8nOrY5cZGrA=="
    }
  },
  "dependencies": {
    "fast-deep-equal": {
      "version": "3.1.3",
      "resolved": "https://registry.npmjs.org/fast-deep-equal/-/fast-deep-equal-3.1.3.tgz",
      "integrity": "sha512-f3qQ9oQy9j2AhBe/H9VC91wLmKBCCU/gDOnKNAYG5hswO7BLKj09Hc5HYNz9cGI++xlpDCIgDaitVs03ATR84Q=="
    },
    "lottie-web": {
      "version": "5.11.0",
      "resolved": "https://registry.npmjs.org/lottie-web/-/lottie-web-5.11.0.tgz",
      "integrity": "sha512-9vSt0AtdOH98GKDXwD5LPfFg9Pcmxt5+1BllAbudKM5iqPxpJnJUfuGaP45OyudDrESCOBgsjnntVUTygBNlzw=="
    },
    "react-dark-mode-toggle-2": {
      "version": "2.0.8",
      "resolved": "https://registry.npmjs.org/react-dark-mode-toggle-2/-/react-dark-mode-toggle-2-2.0.8.tgz",
      "integrity": "sha512-YUkXEyekgcvNJ4PigLLX/NezCwPkSLw8Lv0IKxXpY3DzZA7wj4kMPAUUc6NsjsboFBFzU0SUycHUg2kUK0BiNA==",
      "requires": {
        "react-lottie-player": "^1.4.3"
      }
    },
    "react-lottie-player": {
      "version": "1.5.4",
      "resolved": "https://registry.npmjs.org/react-lottie-player/-/react-lottie-player-1.5.4.tgz",
      "integrity": "sha512-eM0g11bAc4EJJuDDfCoNloaAYphfXlIpYnriOt4nRU66PpVmvKhajvP2aif4YflGY2ArAFXhWxs418YzdebK9w==",
      "requires": {
        "fast-deep-equal": "^3.1.3",
        "lottie-web": "^5.7.6",
        "rfdc": "^1.3.0"
      }
    },
    "rfdc": {
      "version": "1.3.0",
      "resolved": "https://registry.npmjs.org/rfdc/-/rfdc-1.3.0.tgz",
      "integrity": "sha512-V2hovdzFbOi77/WajaSMXk2OLm+xNIeQdMMuB7icj7bk6zi2F8GGAxigcnDFpJHbNyNcgyJDiP+8nOrY5cZGrA=="
    }
  }
}
